{
  "action: remove_modular_gem\nreason: \"The gemspec owns this development dependency; do not inject a second generic style declaration.\"": [
    {
      "file": ".structuredmerge/kettle-jem.yml",
      "lines": [
        103,
        108,
        113,
        118
      ]
    }
  ],
  "direct: open_id_authentication.gemspec\nmodular: gemfiles/modular/style.gemfile": [
    {
      "file": ".structuredmerge/kettle-jem.yml",
      "lines": [
        101,
        106,
        111,
        116
      ]
    }
  ],
  "modular: gemfiles/modular/style.gemfile\naction: remove_modular_gem": [
    {
      "file": ".structuredmerge/kettle-jem.yml",
      "lines": [
        102,
        107,
        112,
        117
      ]
    }
  ]
}
