{
  "- BRANCH COVERAGE:  23.53% -- 4/17 branches in 6 branches\n### Added": [
    {
      "file": "CHANGELOG.md",
      "lines": [
        119,
        127
      ]
    }
  ],
  "- More Documentation\n### Changed": [
    {
      "file": "CHANGELOG.md",
      "lines": [
        108,
        121
      ]
    }
  ],
  "appraisal: \"dep-heads\"\nexec_cmd: \"kettle-test\"": [
    {
      "file": ".github/workflows/dep-heads.yml",
      "lines": [
        43,
        100,
        157
      ]
    }
  ],
  "appraisal: \"head\"\nexec_cmd: \"kettle-test\"": [
    {
      "file": ".github/workflows/heads.yml",
      "lines": [
        43,
        104,
        162
      ]
    }
  ],
  "exec_cmd: \"kettle-test\"\n# Run directly from the generated appraisal Gemfile so setup-ruby": [
    {
      "file": ".github/workflows/dep-heads.yml",
      "lines": [
        44,
        101,
        158
      ]
    }
  ],
  "exec_cmd: \"kettle-test\"\nrubygems: default": [
    {
      "file": ".github/workflows/heads.yml",
      "lines": [
        44,
        105,
        163
      ]
    }
  ],
  "schedule:\ninterval: \"daily\"": [
    {
      "file": ".github/dependabot.yml",
      "lines": [
        5,
        12
      ]
    }
  ]
}
