{
  "action: remove_modular_gem\nreason: \"The gemspec owns this development dependency; do not inject a second generic style declaration.\"": [
    {
      "file": ".structuredmerge/kettle-jem.yml",
      "lines": [
        101,
        106,
        111,
        116
      ]
    }
  ],
  "direct: open_id_authentication.gemspec\nmodular: gemfiles/modular/style.gemfile": [
    {
      "file": ".structuredmerge/kettle-jem.yml",
      "lines": [
        99,
        104,
        109,
        114
      ]
    }
  ],
  "modular: gemfiles/modular/style.gemfile\naction: remove_modular_gem": [
    {
      "file": ".structuredmerge/kettle-jem.yml",
      "lines": [
        100,
        105,
        110,
        115
      ]
    }
  ]
}
